
Microsoft Visual Studio Solution File, Format Version 12.00
# Visual Studio Version 17
VisualStudioVersion = 17.8.34004.107
MinimumVisualStudioVersion = 10.0.40219.1
Project("{9A19103F-16F7-4668-BE54-9A1E7A4F7556}") = "Fritz.DemoPi", "Fritz.DemoPi\Fritz.DemoPi.csproj", "{4C58D909-E498-41CF-BF83-D9B61C978902}"
EndProject
Global
	GlobalSection(SolutionConfigurationPlatforms) = preSolution
		Debug|Any CPU = Debug|Any CPU
		Release|Any CPU = Release|Any CPU
	EndGlobalSection
	GlobalSection(ProjectConfigurationPlatforms) = postSolution
		{4C58D909-E498-41CF-BF83-D9B61C978902}.Debug|Any CPU.ActiveCfg = Debug|Any CPU
		{4C58D909-E498-41CF-BF83-D9B61C978902}.Debug|Any CPU.Build.0 = Debug|Any CPU
		{4C58D909-E498-41CF-BF83-D9B61C978902}.Release|Any CPU.ActiveCfg = Release|Any CPU
		{4C58D909-E498-41CF-BF83-D9B61C978902}.Release|Any CPU.Build.0 = Release|Any CPU
	EndGlobalSection
	GlobalSection(SolutionProperties) = preSolution
		HideSolutionNode = FALSE
	EndGlobalSection
	GlobalSection(ExtensibilityGlobals) = postSolution
		SolutionGuid = {99C7A7C6-40EB-4849-9E2D-40F69D96EE62}
	EndGlobalSection
EndGlobal
